// !$*UTF8*$!
{
	archiveVersion = 1;
	classes = {
	};
	objectVersion = 50;
	objects = {

/* Begin PBXBuildFile section */
		5544DE6A22416D2D00888097 /* AppDelegate.swift in Sources */ = {isa = PBXBuildFile; fileRef = 5544DE6922416D2D00888097 /* AppDelegate.swift */; };
		5544DE6C22416D2D00888097 /* RootViewController.swift in Sources */ = {isa = PBXBuildFile; fileRef = 5544DE6B22416D2D00888097 /* RootViewController.swift */; };
		5544DE6E22416D2D00888097 /* DataViewController.swift in Sources */ = {isa = PBXBuildFile; fileRef = 5544DE6D22416D2D00888097 /* DataViewController.swift */; };
		5544DE7022416D2D00888097 /* ModelController.swift in Sources */ = {isa = PBXBuildFile; fileRef = 5544DE6F22416D2D00888097 /* ModelController.swift */; };
		5544DE7322416D2D00888097 /* Main.storyboard in Resources */ = {isa = PBXBuildFile; fileRef = 5544DE7122416D2D00888097 /* Main.storyboard */; };
		5544DE7522416D3000888097 /* Assets.xcassets in Resources */ = {isa = PBXBuildFile; fileRef = 5544DE7422416D3000888097 /* Assets.xcassets */; };
		5544DE7822416D3000888097 /* LaunchScreen.storyboard in Resources */ = {isa = PBXBuildFile; fileRef = 5544DE7622416D3000888097 /* LaunchScreen.storyboard */; };
/* End PBXBuildFile section */

/* Begin PBXFileReference section */
		5544DE6622416D2D00888097 /* Lifting Progress Tracker.app */ = {isa = PBXFileReference; explicitFileType = wrapper.application; includeInIndex = 0; path = "Lifting Progress Tracker.app"; sourceTree = BUILT_PRODUCTS_DIR; };
		5544DE6922416D2D00888097 /* AppDelegate.swift */ = {isa = PBXFileReference; lastKnownFileType = sourcecode.swift; path = AppDelegate.swift; sourceTree = "<group>"; };
		5544DE6B22416D2D00888097 /* RootViewController.swift */ = {isa = PBXFileReference; lastKnownFileType = sourcecode.swift; path = RootViewController.swift; sourceTree = "<group>"; };
		5544DE6D22416D2D00888097 /* DataViewController.swift */ = {isa = PBXFileReference; lastKnownFileType = sourcecode.swift; path = DataViewController.swift; sourceTree = "<group>"; };
		5544DE6F22416D2D00888097 /* ModelController.swift */ = {isa = PBXFileReference; lastKnownFileType = sourcecode.swift; path = ModelController.swift; sourceTree = "<group>"; };
		5544DE7222416D2D00888097 /* Base */ = {isa = PBXFileReference; lastKnownFileType = file.storyboard; name = Base; path = Base.lproj/Main.storyboard; sourceTree = "<group>"; };
		5544DE7422416D3000888097 /* Assets.xcassets */ = {isa = PBXFileReference; lastKnownFileType = folder.assetcatalog; path = Assets.xcassets; sourceTree = "<group>"; };
		5544DE7722416D3000888097 /* Base */ = {isa = PBXFileReference; lastKnownFileType = file.storyboard; name = Base; path = Base.lproj/LaunchScreen.storyboard; sourceTree = "<group>"; };
		5544DE7922416D3000888097 /* Info.plist */ = {isa = PBXFileReference; lastKnownFileType = text.plist.xml; path = Info.plist; sourceTree = "<group>"; };
/* End PBXFileReference section */

/* Begin PBXFrameworksBuildPhase section */
		5544DE6322416D2D00888097 /* Frameworks */ = {
			isa = PBXFrameworksBuildPhase;
			buildActionMask = 2147483647;
			files = (
			);
			runOnlyForDeploymentPostprocessing = 0;
		};
/* End PBXFrameworksBuildPhase section */

/* Begin PBXGroup section */
		5544DE5D22416D2D00888097 = {
			isa = PBXGroup;
			children = (
				5544DE6822416D2D00888097 /* Lifting Progress Tracker */,
				5544DE6722416D2D00888097 /* Products */,
			);
			sourceTree = "<group>";
		};
		5544DE6722416D2D00888097 /* Products */ = {
			isa = PBXGroup;
			children = (
				5544DE6622416D2D00888097 /* Lifting Progress Tracker.app */,
			);
			name = Products;
			sourceTree = "<group>";
		};
		5544DE6822416D2D00888097 /* Lifting Progress Tracker */ = {
			isa = PBXGroup;
			children = (
				5544DE6922416D2D00888097 /* AppDelegate.swift */,
				5544DE6B22416D2D00888097 /* RootViewController.swift */,
				5544DE6D22416D2D00888097 /* DataViewController.swift */,
				5544DE6F22416D2D00888097 /* ModelController.swift */,
				5544DE7122416D2D00888097 /* Main.storyboard */,
				5544DE7422416D3000888097 /* Assets.xcassets */,
				5544DE7622416D3000888097 /* LaunchScreen.storyboard */,
				5544DE7922416D3000888097 /* Info.plist */,
			);
			path = "Lifting Progress Tracker";
			sourceTree = "<group>";
		};
/* End PBXGroup section */

/* Begin PBXNativeTarget section */
		5544DE6522416D2D00888097 /* Lifting Progress Tracker */ = {
			isa = PBXNativeTarget;
			buildConfigurationList = 5544DE7C22416D3000888097 /* Build configuration list for PBXNativeTarget "Lifting Progress Tracker" */;
			buildPhases = (
				5544DE6222416D2D00888097 /* Sources */,
				5544DE6322416D2D00888097 /* Frameworks */,
				5544DE6422416D2D00888097 /* Resources */,
			);
			buildRules = (
			);
			dependencies = (
			);
			name = "Lifting Progress Tracker";
			productName = "Lifting Progress Tracker";
			productReference = 5544DE6622416D2D00888097 /* Lifting Progress Tracker.app */;
			productType = "com.apple.product-type.application";
		};
/* End PBXNativeTarget section */

/* Begin PBXProject section */
		5544DE5E22416D2D00888097 /* Project object */ = {
			isa = PBXProject;
			attributes = {
				LastSwiftUpdateCheck = 1010;
				LastUpgradeCheck = 1010;
				ORGANIZATIONNAME = "Clayton kingsbury";
				TargetAttributes = {
					5544DE6522416D2D00888097 = {
						CreatedOnToolsVersion = 10.1;
					};
				};
			};
			buildConfigurationList = 5544DE6122416D2D00888097 /* Build configuration list for PBXProject "Lifting Progress Tracker" */;
			compatibilityVersion = "Xcode 9.3";
			developmentRegion = en;
			hasScannedForEncodings = 0;
			knownRegions = (
				en,
				Base,
			);
			mainGroup = 5544DE5D22416D2D00888097;
			productRefGroup = 5544DE6722416D2D00888097 /* Products */;
			projectDirPath = "";
			projectRoot = "";
			targets = (
				5544DE6522416D2D00888097 /* Lifting Progress Tracker */,
			);
		};
/* End PBXProject section */

/* Begin PBXResourcesBuildPhase section */
		5544DE6422416D2D00888097 /* Resources */ = {
			isa = PBXResourcesBuildPhase;
			buildActionMask = 2147483647;
			files = (
				5544DE7822416D3000888097 /* LaunchScreen.storyboard in Resources */,
				5544DE7522416D3000888097 /* Assets.xcassets in Resources */,
				5544DE7322416D2D00888097 /* Main.storyboard in Resources */,
			);
			runOnlyForDeploymentPostprocessing = 0;
		};
/* End PBXResourcesBuildPhase section */

/* Begin PBXSourcesBuildPhase section */
		5544DE6222416D2D00888097 /* Sources */ = {
			isa = PBXSourcesBuildPhase;
			buildActionMask = 2147483647;
			files = (
				5544DE6C22416D2D00888097 /* RootViewController.swift in Sources */,
				5544DE7022416D2D00888097 /* ModelController.swift in Sources */,
				5544DE6E22416D2D00888097 /* DataViewController.swift in Sources */,
				5544DE6A22416D2D00888097 /* AppDelegate.swift in Sources */,
			);
			runOnlyForDeploymentPostprocessing = 0;
		};
/* End PBXSourcesBuildPhase section */

/* Begin PBXVariantGroup section */
		5544DE7122416D2D00888097 /* Main.storyboard */ = {
			isa = PBXVariantGroup;
			children = (
				5544DE7222416D2D00888097 /* Base */,
			);
			name = Main.storyboard;
			sourceTree = "<group>";
		};
		5544DE7622416D3000888097 /* LaunchScreen.storyboard */ = {
			isa = PBXVariantGroup;
			children = (
				5544DE7722416D3000888097 /* Base */,
			);
			name = LaunchScreen.storyboard;
			sourceTree = "<group>";
		};
/* End PBXVariantGroup section */

/* Begin XCBuildConfiguration section */
		5544DE7A22416D3000888097 /* Debug */ = {
			isa = XCBuildConfiguration;
			buildSettings = {
				ALWAYS_SEARCH_USER_PATHS = NO;
				CLANG_ANALYZER_NONNULL = YES;
				CLANG_ANALYZER_NUMBER_OBJECT_CONVERSION = YES_AGGRESSIVE;
				CLANG_CXX_LANGUAGE_STANDARD = "gnu++14";
				CLANG_CXX_LIBRARY = "libc++";
				CLANG_ENABLE_MODULES = YES;
				CLANG_ENABLE_OBJC_ARC = YES;
				CLANG_ENABLE_OBJC_WEAK = YES;
				CLANG_WARN_BLOCK_CAPTURE_AUTORELEASING = YES;
				CLANG_WARN_BOOL_CONVERSION = YES;
				CLANG_WARN_COMMA = YES;
				CLANG_WARN_CONSTANT_CONVERSION = YES;
				CLANG_WARN_DEPRECATED_OBJC_IMPLEMENTATIONS = YES;
				CLANG_WARN_DIRECT_OBJC_ISA_USAGE = YES_ERROR;
				CLANG_WARN_DOCUMENTATION_COMMENTS = YES;
				CLANG_WARN_EMPTY_BODY = YES;
				CLANG_WARN_ENUM_CONVERSION = YES;
				CLANG_WARN_INFINITE_RECURSION = YES;
				CLANG_WARN_INT_CONVERSION = YES;
				CLANG_WARN_NON_LITERAL_NULL_CONVERSION = YES;
				CLANG_WARN_OBJC_IMPLICIT_RETAIN_SELF = YES;
				CLANG_WARN_OBJC_LITERAL_CONVERSION = YES;
				CLANG_WARN_OBJC_ROOT_CLASS = YES_ERROR;
				CLANG_WARN_RANGE_LOOP_ANALYSIS = YES;
				CLANG_WARN_STRICT_PROTOTYPES = YES;
				CLANG_WARN_SUSPICIOUS_MOVE = YES;
				CLANG_WARN_UNGUARDED_AVAILABILITY = YES_AGGRESSIVE;
				CLANG_WARN_UNREACHABLE_CODE = YES;
				CLANG_WARN__DUPLICATE_METHOD_MATCH = YES;
				CODE_SIGN_IDENTITY = "iPhone Developer";
				COPY_PHASE_STRIP = NO;
				DEBUG_INFORMATION_FORMAT = dwarf;
				ENABLE_STRICT_OBJC_MSGSEND = YES;
				ENABLE_TESTABILITY = YES;
				GCC_C_LANGUAGE_STANDARD = gnu11;
				GCC_DYNAMIC_NO_PIC = NO;
				GCC_NO_COMMON_BLOCKS = YES;
				GCC_OPTIMIZATION_LEVEL = 0;
				GCC_PREPROCESSOR_DEFINITIONS = (
					"DEBUG=1",
					"$(inherited)",
				);
				GCC_WARN_64_TO_32_BIT_CONVERSION = YES;
				GCC_WARN_ABOUT_RETURN_TYPE = YES_ERROR;
				GCC_WARN_UNDECLARED_SELECTOR = YES;
				GCC_WARN_UNINITIALIZED_AUTOS = YES_AGGRESSIVE;
				GCC_WARN_UNUSED_FUNCTION = YES;
				GCC_WARN_UNUSED_VARIABLE = YES;
				IPHONEOS_DEPLOYMENT_TARGET = 12.1;
				MTL_ENABLE_DEBUG_INFO = INCLUDE_SOURCE;
				MTL_FAST_MATH = YES;
				ONLY_ACTIVE_ARCH = YES;
				SDKROOT = iphoneos;
				SWIFT_ACTIVE_COMPILATION_CONDITIONS = DEBUG;
				SWIFT_OPTIMIZATION_LEVEL = "-Onone";
			};
			name = Debug;
		};
		5544DE7B22416D3000888097 /* Release */ = {
			isa = XCBuildConfiguration;
			buildSettings = {
				ALWAYS_SEARCH_USER_PATHS = NO;
				CLANG_ANALYZER_NONNULL = YES;
				CLANG_ANALYZER_NUMBER_OBJECT_CONVERSION = YES_AGGRESSIVE;
				CLANG_CXX_LANGUAGE_STANDARD = "gnu++14";
				CLANG_CXX_LIBRARY = "libc++";
				CLANG_ENABLE_MODULES = YES;
				CLANG_ENABLE_OBJC_ARC = YES;
				CLANG_ENABLE_OBJC_WEAK = YES;
				CLANG_WARN_BLOCK_CAPTURE_AUTORELEASING = YES;
				CLANG_WARN_BOOL_CONVERSION = YES;
				CLANG_WARN_COMMA = YES;
				CLANG_WARN_CONSTANT_CONVERSION = YES;
				CLANG_WARN_DEPRECATED_OBJC_IMPLEMENTATIONS = YES;
				CLANG_WARN_DIRECT_OBJC_ISA_USAGE = YES_ERROR;
				CLANG_WARN_DOCUMENTATION_COMMENTS = YES;
				CLANG_WARN_EMPTY_BODY = YES;
				CLANG_WARN_ENUM_CONVERSION = YES;
				CLANG_WARN_INFINITE_RECURSION = YES;
				CLANG_WARN_INT_CONVERSION = YES;
				CLANG_WARN_NON_LITERAL_NULL_CONVERSION = YES;
				CLANG_WARN_OBJC_IMPLICIT_RETAIN_SELF = YES;
				CLANG_WARN_OBJC_LITERAL_CONVERSION = YES;
				CLANG_WARN_OBJC_ROOT_CLASS = YES_ERROR;
				CLANG_WARN_RANGE_LOOP_ANALYSIS = YES;
				CLANG_WARN_STRICT_PROTOTYPES = YES;
				CLANG_WARN_SUSPICIOUS_MOVE = YES;
				CLANG_WARN_UNGUARDED_AVAILABILITY = YES_AGGRESSIVE;
				CLANG_WARN_UNREACHABLE_CODE = YES;
				CLANG_WARN__DUPLICATE_METHOD_MATCH = YES;
				CODE_SIGN_IDENTITY = "iPhone Developer";
				COPY_PHASE_STRIP = NO;
				DEBUG_INFORMATION_FORMAT = "dwarf-with-dsym";
				ENABLE_NS_ASSERTIONS = NO;
				ENABLE_STRICT_OBJC_MSGSEND = YES;
				GCC_C_LANGUAGE_STANDARD = gnu11;
				GCC_NO_COMMON_BLOCKS = YES;
				GCC_WARN_64_TO_32_BIT_CONVERSION = YES;
				GCC_WARN_ABOUT_RETURN_TYPE = YES_ERROR;
				GCC_WARN_UNDECLARED_SELECTOR = YES;
				GCC_WARN_UNINITIALIZED_AUTOS = YES_AGGRESSIVE;
				GCC_WARN_UNUSED_FUNCTION = YES;
				GCC_WARN_UNUSED_VARIABLE = YES;
				IPHONEOS_DEPLOYMENT_TARGET = 12.1;
				MTL_ENABLE_DEBUG_INFO = NO;
				MTL_FAST_MATH = YES;
				SDKROOT = iphoneos;
				SWIFT_COMPILATION_MODE = wholemodule;
				SWIFT_OPTIMIZATION_LEVEL = "-O";
				VALIDATE_PRODUCT = YES;
			};
			name = Release;
		};
		5544DE7D22416D3000888097 /* Debug */ = {
			isa = XCBuildConfiguration;
			buildSettings = {
				ASSETCATALOG_COMPILER_APPICON_NAME = AppIcon;
				CODE_SIGN_STYLE = Automatic;
				DEVELOPMENT_TEAM = 87L7M578QT;
				INFOPLIST_FILE = "Lifting Progress Tracker/Info.plist";
				LD_RUNPATH_SEARCH_PATHS = (
					"$(inherited)",
					"@executable_path/Frameworks",
				);
				PRODUCT_BUNDLE_IDENTIFIER = "cKings.Lifting-Progress-Tracker";
				PRODUCT_NAME = "$(TARGET_NAME)";
				SWIFT_VERSION = 4.2;
				TARGETED_DEVICE_FAMILY = "1,2";
			};
			name = Debug;
		};
		5544DE7E22416D3000888097 /* Release */ = {
			isa = XCBuildConfiguration;
			buildSettings = {
				ASSETCATALOG_COMPILER_APPICON_NAME = AppIcon;
				CODE_SIGN_STYLE = Automatic;
				DEVELOPMENT_TEAM = 87L7M578QT;
				INFOPLIST_FILE = "Lifting Progress Tracker/Info.plist";
				LD_RUNPATH_SEARCH_PATHS = (
					"$(inherited)",
					"@executable_path/Frameworks",
				);
				PRODUCT_BUNDLE_IDENTIFIER = "cKings.Lifting-Progress-Tracker";
				PRODUCT_NAME = "$(TARGET_NAME)";
				SWIFT_VERSION = 4.2;
				TARGETED_DEVICE_FAMILY = "1,2";
			};
			name = Release;
		};
/* End XCBuildConfiguration section */

/* Begin XCConfigurationList section */
		5544DE6122416D2D00888097 /* Build configuration list for PBXProject "Lifting Progress Tracker" */ = {
			isa = XCConfigurationList;
			buildConfigurations = (
				5544DE7A22416D3000888097 /* Debug */,
				5544DE7B22416D3000888097 /* Release */,
			);
			defaultConfigurationIsVisible = 0;
			defaultConfigurationName = Release;
		};
		5544DE7C22416D3000888097 /* Build configuration list for PBXNativeTarget "Lifting Progress Tracker" */ = {
			isa = XCConfigurationList;
			buildConfigurations = (
				5544DE7D22416D3000888097 /* Debug */,
				5544DE7E22416D3000888097 /* Release */,
			);
			defaultConfigurationIsVisible = 0;
			defaultConfigurationName = Release;
		};
/* End XCConfigurationList section */
	};
	rootObject = 5544DE5E22416D2D00888097 /* Project object */;
}
